
Microsoft Visual Studio Solution File, Format Version 12.00
# Visual Studio Version 17
VisualStudioVersion = 17.4.33213.308
MinimumVisualStudioVersion = 10.0.40219.1
Project("{FAE04EC0-301F-11D3-BF4B-00C04F79EFBC}") = "Electronic_School_Gradebook", "Electronic_School_Gradebook\Electronic_School_Gradebook.csproj", "{EACF9720-B222-4701-B217-8F165FFD1DDF}"
EndProject
Project("{FAE04EC0-301F-11D3-BF4B-00C04F79EFBC}") = "DatabaseTools_MSSQL", "DatabaseTools_MSSQL\DatabaseTools_MSSQL.csproj", "{24768EE5-A381-4F3A-B90F-B77BFA8F8AF1}"
EndProject
Project("{FAE04EC0-301F-11D3-BF4B-00C04F79EFBC}") = "DatabaseORM_MSSQL", "DatabaseORM_MSSQL\DatabaseORM_MSSQL.csproj", "{60D1CEDD-0EA4-41E1-82E2-9129609CD18F}"
EndProject
Global
	GlobalSection(SolutionConfigurationPlatforms) = preSolution
		Debug|Any CPU = Debug|Any CPU
		Release|Any CPU = Release|Any CPU
	EndGlobalSection
	GlobalSection(ProjectConfigurationPlatforms) = postSolution
		{EACF9720-B222-4701-B217-8F165FFD1DDF}.Debug|Any CPU.ActiveCfg = Debug|Any CPU
		{EACF9720-B222-4701-B217-8F165FFD1DDF}.Debug|Any CPU.Build.0 = Debug|Any CPU
		{EACF9720-B222-4701-B217-8F165FFD1DDF}.Release|Any CPU.ActiveCfg = Release|Any CPU
		{EACF9720-B222-4701-B217-8F165FFD1DDF}.Release|Any CPU.Build.0 = Release|Any CPU
		{24768EE5-A381-4F3A-B90F-B77BFA8F8AF1}.Debug|Any CPU.ActiveCfg = Debug|Any CPU
		{24768EE5-A381-4F3A-B90F-B77BFA8F8AF1}.Debug|Any CPU.Build.0 = Debug|Any CPU
		{24768EE5-A381-4F3A-B90F-B77BFA8F8AF1}.Release|Any CPU.ActiveCfg = Release|Any CPU
		{24768EE5-A381-4F3A-B90F-B77BFA8F8AF1}.Release|Any CPU.Build.0 = Release|Any CPU
		{60D1CEDD-0EA4-41E1-82E2-9129609CD18F}.Debug|Any CPU.ActiveCfg = Debug|Any CPU
		{60D1CEDD-0EA4-41E1-82E2-9129609CD18F}.Debug|Any CPU.Build.0 = Debug|Any CPU
		{60D1CEDD-0EA4-41E1-82E2-9129609CD18F}.Release|Any CPU.ActiveCfg = Release|Any CPU
		{60D1CEDD-0EA4-41E1-82E2-9129609CD18F}.Release|Any CPU.Build.0 = Release|Any CPU
	EndGlobalSection
	GlobalSection(SolutionProperties) = preSolution
		HideSolutionNode = FALSE
	EndGlobalSection
	GlobalSection(ExtensibilityGlobals) = postSolution
		SolutionGuid = {5A697DED-46A8-41D7-B520-5852ADCBA497}
	EndGlobalSection
EndGlobal
